
Microsoft Visual Studio Solution File, Format Version 12.00
# Visual Studio Version 16
VisualStudioVersion = 16.0.31729.503
MinimumVisualStudioVersion = 10.0.40219.1
Project("{FAE04EC0-301F-11D3-BF4B-00C04F79EFBC}") = "BANKER", "BANKER\BANKER.csproj", "{C1248DC9-6623-4D21-9815-2ED9FBF88785}"
EndProject
Global
	GlobalSection(SolutionConfigurationPlatforms) = preSolution
		Debug|Any CPU = Debug|Any CPU
		Release|Any CPU = Release|Any CPU
	EndGlobalSection
	GlobalSection(ProjectConfigurationPlatforms) = postSolution
		{C1248DC9-6623-4D21-9815-2ED9FBF88785}.Debug|Any CPU.ActiveCfg = Debug|Any CPU
		{C1248DC9-6623-4D21-9815-2ED9FBF88785}.Debug|Any CPU.Build.0 = Debug|Any CPU
		{C1248DC9-6623-4D21-9815-2ED9FBF88785}.Release|Any CPU.ActiveCfg = Release|Any CPU
		{C1248DC9-6623-4D21-9815-2ED9FBF88785}.Release|Any CPU.Build.0 = Release|Any CPU
	EndGlobalSection
	GlobalSection(SolutionProperties) = preSolution
		HideSolutionNode = FALSE
	EndGlobalSection
	GlobalSection(ExtensibilityGlobals) = postSolution
		SolutionGuid = {53DE6E0C-4E33-4AE9-9206-3B5EBEB9D71C}
	EndGlobalSection
EndGlobal
